
Microsoft Visual Studio Solution File, Format Version 12.00
# Visual Studio 2013
VisualStudioVersion = 12.0.31101.0
MinimumVisualStudioVersion = 10.0.40219.1
Project("{FAE04EC0-301F-11D3-BF4B-00C04F79EFBC}") = "Assignment.Demo3.VS2013", "Assignment.Demo3.VS2013\Assignment.Demo3.VS2013.csproj", "{3EA474A2-B20B-40DE-AF86-0A084A3C08EA}"
EndProject
Project("{FAE04EC0-301F-11D3-BF4B-00C04F79EFBC}") = "Assignment.Demo3.Data.VS2013", "Assignment.Demo3.Data.VS2013\Assignment.Demo3.Data.VS2013.csproj", "{57E82BED-BD82-41FE-A73C-8EFE1138E701}"
EndProject
Project("{FAE04EC0-301F-11D3-BF4B-00C04F79EFBC}") = "Assignment.Demo3.Model.VS2013", "Assignment.Demo3.Model.VS2013\Assignment.Demo3.Model.VS2013.csproj", "{37DB5BEF-C961-4000-ACB6-DF72202D22CF}"
EndProject
Project("{FAE04EC0-301F-11D3-BF4B-00C04F79EFBC}") = "Assignment.Demo3.Service.VS2013", "Assignment.Demo3.Service.VS2013\Assignment.Demo3.Service.VS2013.csproj", "{7238CC22-5969-4115-BCBC-F490C26BA700}"
EndProject
Global
	GlobalSection(SolutionConfigurationPlatforms) = preSolution
		Debug|Any CPU = Debug|Any CPU
		Release|Any CPU = Release|Any CPU
	EndGlobalSection
	GlobalSection(ProjectConfigurationPlatforms) = postSolution
		{3EA474A2-B20B-40DE-AF86-0A084A3C08EA}.Debug|Any CPU.ActiveCfg = Debug|Any CPU
		{3EA474A2-B20B-40DE-AF86-0A084A3C08EA}.Debug|Any CPU.Build.0 = Debug|Any CPU
		{3EA474A2-B20B-40DE-AF86-0A084A3C08EA}.Release|Any CPU.ActiveCfg = Release|Any CPU
		{3EA474A2-B20B-40DE-AF86-0A084A3C08EA}.Release|Any CPU.Build.0 = Release|Any CPU
		{57E82BED-BD82-41FE-A73C-8EFE1138E701}.Debug|Any CPU.ActiveCfg = Debug|Any CPU
		{57E82BED-BD82-41FE-A73C-8EFE1138E701}.Debug|Any CPU.Build.0 = Debug|Any CPU
		{57E82BED-BD82-41FE-A73C-8EFE1138E701}.Release|Any CPU.ActiveCfg = Release|Any CPU
		{57E82BED-BD82-41FE-A73C-8EFE1138E701}.Release|Any CPU.Build.0 = Release|Any CPU
		{37DB5BEF-C961-4000-ACB6-DF72202D22CF}.Debug|Any CPU.ActiveCfg = Debug|Any CPU
		{37DB5BEF-C961-4000-ACB6-DF72202D22CF}.Debug|Any CPU.Build.0 = Debug|Any CPU
		{37DB5BEF-C961-4000-ACB6-DF72202D22CF}.Release|Any CPU.ActiveCfg = Release|Any CPU
		{37DB5BEF-C961-4000-ACB6-DF72202D22CF}.Release|Any CPU.Build.0 = Release|Any CPU
		{7238CC22-5969-4115-BCBC-F490C26BA700}.Debug|Any CPU.ActiveCfg = Debug|Any CPU
		{7238CC22-5969-4115-BCBC-F490C26BA700}.Debug|Any CPU.Build.0 = Debug|Any CPU
		{7238CC22-5969-4115-BCBC-F490C26BA700}.Release|Any CPU.ActiveCfg = Release|Any CPU
		{7238CC22-5969-4115-BCBC-F490C26BA700}.Release|Any CPU.Build.0 = Release|Any CPU
	EndGlobalSection
	GlobalSection(SolutionProperties) = preSolution
		HideSolutionNode = FALSE
	EndGlobalSection
EndGlobal
